
Microsoft Visual Studio Solution File, Format Version 12.00
#
Project("{F2A71F9B-5D33-465A-A702-920D77279786}") = "Onsite", "Onsite\Onsite.fsproj", "{BD1C7FB9-DAB6-4548-BFFA-22233EB6D8E9}"
EndProject
Project("{F2A71F9B-5D33-465A-A702-920D77279786}") = "AzureAd", "AzureAd\AzureAd.fsproj", "{93D74F98-D7A5-4AB4-A47C-7768C983E541}"
EndProject
Project("{FAE04EC0-301F-11D3-BF4B-00C04F79EFBC}") = "AzureAdCsharp", "AzureAdCsharp\AzureAdCsharp.csproj", "{26609F62-F52B-4BBF-8BB9-D7CA38506B47}"
EndProject
Project("{F2A71F9B-5D33-465A-A702-920D77279786}") = "Onsite And AzureAd", "Onsite And AzureAd\Onsite And AzureAd.fsproj", "{A333FA53-D16D-40A6-998B-29572ABF7638}"
EndProject
Project("{F2A71F9B-5D33-465A-A702-920D77279786}") = "ASP.NET Core Identity", "ASP.NET Core Identity\ASP.NET Core Identity.fsproj", "{F17D774C-14CE-4716-B570-5843CBC6B82F}"
EndProject
Project("{2150E333-8FDC-42A3-9474-1A3956D46DE8}") = "SAFE Stack Login", "SAFE Stack Login", "{23E831C3-E05B-4298-BDE2-92B453AC7F9D}"
	ProjectSection(SolutionItems) = preProject
		SAFE Stack Login\paket.dependencies = SAFE Stack Login\paket.dependencies
	EndProjectSection
EndProject
Project("{2150E333-8FDC-42A3-9474-1A3956D46DE8}") = "src", "src", "{BA11A677-8CB5-49BC-A887-B13BAA22A39E}"
EndProject
Project("{F2A71F9B-5D33-465A-A702-920D77279786}") = "Client", "SAFE Stack Login\src\Client\Client.fsproj", "{8B957DF7-D57B-4BD7-B113-998911257EFB}"
EndProject
Project("{F2A71F9B-5D33-465A-A702-920D77279786}") = "Server", "SAFE Stack Login\src\Server\Server.fsproj", "{56B41A74-2A10-41BB-AF84-7EE3F5EB0008}"
EndProject
Project("{F2A71F9B-5D33-465A-A702-920D77279786}") = "Shared", "SAFE Stack Login\src\Shared\Shared.fsproj", "{A8AA5EC0-7608-48FC-8048-D155392A2B06}"
EndProject
Project("{2150E333-8FDC-42A3-9474-1A3956D46DE8}") = "tests", "tests", "{FFC1C906-6A6D-403A-A937-079CDA694D87}"
EndProject
Project("{F2A71F9B-5D33-465A-A702-920D77279786}") = "Client.Tests", "SAFE Stack Login\tests\Client\Client.Tests.fsproj", "{8CFF6E62-62F7-4075-96CE-13171F73A3DF}"
EndProject
Project("{F2A71F9B-5D33-465A-A702-920D77279786}") = "Server.Tests", "SAFE Stack Login\tests\Server\Server.Tests.fsproj", "{447EAC41-9A83-434C-A5B2-2522E0E8FA31}"
EndProject
Project("{F2A71F9B-5D33-465A-A702-920D77279786}") = "Shared.Tests", "SAFE Stack Login\tests\Shared\Shared.Tests.fsproj", "{B5A0CF1A-D204-4641-A3E6-347A41F59D82}"
EndProject
Project("{F2A71F9B-5D33-465A-A702-920D77279786}") = "Build", "SAFE Stack Login\Build.fsproj", "{7B5852B7-159F-48AE-98FB-D107E5D2D1F5}"
EndProject
Global
	GlobalSection(SolutionConfigurationPlatforms) = preSolution
		Debug|Any CPU = Debug|Any CPU
		Release|Any CPU = Release|Any CPU
	EndGlobalSection
	GlobalSection(ProjectConfigurationPlatforms) = postSolution
		{BD1C7FB9-DAB6-4548-BFFA-22233EB6D8E9}.Debug|Any CPU.ActiveCfg = Debug|Any CPU
		{BD1C7FB9-DAB6-4548-BFFA-22233EB6D8E9}.Debug|Any CPU.Build.0 = Debug|Any CPU
		{BD1C7FB9-DAB6-4548-BFFA-22233EB6D8E9}.Release|Any CPU.ActiveCfg = Release|Any CPU
		{BD1C7FB9-DAB6-4548-BFFA-22233EB6D8E9}.Release|Any CPU.Build.0 = Release|Any CPU
		{93D74F98-D7A5-4AB4-A47C-7768C983E541}.Debug|Any CPU.ActiveCfg = Debug|Any CPU
		{93D74F98-D7A5-4AB4-A47C-7768C983E541}.Debug|Any CPU.Build.0 = Debug|Any CPU
		{93D74F98-D7A5-4AB4-A47C-7768C983E541}.Release|Any CPU.ActiveCfg = Release|Any CPU
		{93D74F98-D7A5-4AB4-A47C-7768C983E541}.Release|Any CPU.Build.0 = Release|Any CPU
		{26609F62-F52B-4BBF-8BB9-D7CA38506B47}.Debug|Any CPU.ActiveCfg = Debug|Any CPU
		{26609F62-F52B-4BBF-8BB9-D7CA38506B47}.Debug|Any CPU.Build.0 = Debug|Any CPU
		{26609F62-F52B-4BBF-8BB9-D7CA38506B47}.Release|Any CPU.ActiveCfg = Release|Any CPU
		{26609F62-F52B-4BBF-8BB9-D7CA38506B47}.Release|Any CPU.Build.0 = Release|Any CPU
		{A333FA53-D16D-40A6-998B-29572ABF7638}.Debug|Any CPU.ActiveCfg = Debug|Any CPU
		{A333FA53-D16D-40A6-998B-29572ABF7638}.Debug|Any CPU.Build.0 = Debug|Any CPU
		{A333FA53-D16D-40A6-998B-29572ABF7638}.Release|Any CPU.ActiveCfg = Release|Any CPU
		{A333FA53-D16D-40A6-998B-29572ABF7638}.Release|Any CPU.Build.0 = Release|Any CPU
		{F17D774C-14CE-4716-B570-5843CBC6B82F}.Debug|Any CPU.ActiveCfg = Debug|Any CPU
		{F17D774C-14CE-4716-B570-5843CBC6B82F}.Debug|Any CPU.Build.0 = Debug|Any CPU
		{F17D774C-14CE-4716-B570-5843CBC6B82F}.Release|Any CPU.ActiveCfg = Release|Any CPU
		{F17D774C-14CE-4716-B570-5843CBC6B82F}.Release|Any CPU.Build.0 = Release|Any CPU
		{8B957DF7-D57B-4BD7-B113-998911257EFB}.Debug|Any CPU.ActiveCfg = Debug|Any CPU
		{8B957DF7-D57B-4BD7-B113-998911257EFB}.Debug|Any CPU.Build.0 = Debug|Any CPU
		{8B957DF7-D57B-4BD7-B113-998911257EFB}.Release|Any CPU.ActiveCfg = Release|Any CPU
		{8B957DF7-D57B-4BD7-B113-998911257EFB}.Release|Any CPU.Build.0 = Release|Any CPU
		{56B41A74-2A10-41BB-AF84-7EE3F5EB0008}.Debug|Any CPU.ActiveCfg = Debug|Any CPU
		{56B41A74-2A10-41BB-AF84-7EE3F5EB0008}.Debug|Any CPU.Build.0 = Debug|Any CPU
		{56B41A74-2A10-41BB-AF84-7EE3F5EB0008}.Release|Any CPU.ActiveCfg = Release|Any CPU
		{56B41A74-2A10-41BB-AF84-7EE3F5EB0008}.Release|Any CPU.Build.0 = Release|Any CPU
		{A8AA5EC0-7608-48FC-8048-D155392A2B06}.Debug|Any CPU.ActiveCfg = Debug|Any CPU
		{A8AA5EC0-7608-48FC-8048-D155392A2B06}.Debug|Any CPU.Build.0 = Debug|Any CPU
		{A8AA5EC0-7608-48FC-8048-D155392A2B06}.Release|Any CPU.ActiveCfg = Release|Any CPU
		{A8AA5EC0-7608-48FC-8048-D155392A2B06}.Release|Any CPU.Build.0 = Release|Any CPU
		{8CFF6E62-62F7-4075-96CE-13171F73A3DF}.Debug|Any CPU.ActiveCfg = Debug|Any CPU
		{8CFF6E62-62F7-4075-96CE-13171F73A3DF}.Debug|Any CPU.Build.0 = Debug|Any CPU
		{8CFF6E62-62F7-4075-96CE-13171F73A3DF}.Release|Any CPU.ActiveCfg = Release|Any CPU
		{8CFF6E62-62F7-4075-96CE-13171F73A3DF}.Release|Any CPU.Build.0 = Release|Any CPU
		{447EAC41-9A83-434C-A5B2-2522E0E8FA31}.Debug|Any CPU.ActiveCfg = Debug|Any CPU
		{447EAC41-9A83-434C-A5B2-2522E0E8FA31}.Debug|Any CPU.Build.0 = Debug|Any CPU
		{447EAC41-9A83-434C-A5B2-2522E0E8FA31}.Release|Any CPU.ActiveCfg = Release|Any CPU
		{447EAC41-9A83-434C-A5B2-2522E0E8FA31}.Release|Any CPU.Build.0 = Release|Any CPU
		{B5A0CF1A-D204-4641-A3E6-347A41F59D82}.Debug|Any CPU.ActiveCfg = Debug|Any CPU
		{B5A0CF1A-D204-4641-A3E6-347A41F59D82}.Debug|Any CPU.Build.0 = Debug|Any CPU
		{B5A0CF1A-D204-4641-A3E6-347A41F59D82}.Release|Any CPU.ActiveCfg = Release|Any CPU
		{B5A0CF1A-D204-4641-A3E6-347A41F59D82}.Release|Any CPU.Build.0 = Release|Any CPU
		{7B5852B7-159F-48AE-98FB-D107E5D2D1F5}.Debug|Any CPU.ActiveCfg = Debug|Any CPU
		{7B5852B7-159F-48AE-98FB-D107E5D2D1F5}.Debug|Any CPU.Build.0 = Debug|Any CPU
		{7B5852B7-159F-48AE-98FB-D107E5D2D1F5}.Release|Any CPU.ActiveCfg = Release|Any CPU
		{7B5852B7-159F-48AE-98FB-D107E5D2D1F5}.Release|Any CPU.Build.0 = Release|Any CPU
	EndGlobalSection
	GlobalSection(NestedProjects) = preSolution
		{BA11A677-8CB5-49BC-A887-B13BAA22A39E} = {23E831C3-E05B-4298-BDE2-92B453AC7F9D}
		{8B957DF7-D57B-4BD7-B113-998911257EFB} = {BA11A677-8CB5-49BC-A887-B13BAA22A39E}
		{56B41A74-2A10-41BB-AF84-7EE3F5EB0008} = {BA11A677-8CB5-49BC-A887-B13BAA22A39E}
		{A8AA5EC0-7608-48FC-8048-D155392A2B06} = {BA11A677-8CB5-49BC-A887-B13BAA22A39E}
		{FFC1C906-6A6D-403A-A937-079CDA694D87} = {23E831C3-E05B-4298-BDE2-92B453AC7F9D}
		{8CFF6E62-62F7-4075-96CE-13171F73A3DF} = {FFC1C906-6A6D-403A-A937-079CDA694D87}
		{447EAC41-9A83-434C-A5B2-2522E0E8FA31} = {FFC1C906-6A6D-403A-A937-079CDA694D87}
		{B5A0CF1A-D204-4641-A3E6-347A41F59D82} = {FFC1C906-6A6D-403A-A937-079CDA694D87}
	EndGlobalSection
EndGlobal
