
Microsoft Visual Studio Solution File, Format Version 12.00
Project("{F2A71F9B-5D33-465A-A702-920D77279786}") = "MIP And Giraffe", "MIP And Giraffe\MIP And Giraffe.fsproj", "{BD1C7FB9-DAB6-4548-BFFA-22233EB6D8E9}"
EndProject
Global
	GlobalSection(SolutionConfigurationPlatforms) = preSolution
		Debug|Any CPU = Debug|Any CPU
		Release|Any CPU = Release|Any CPU
	EndGlobalSection
	GlobalSection(ProjectConfigurationPlatforms) = postSolution
		{BD1C7FB9-DAB6-4548-BFFA-22233EB6D8E9}.Debug|Any CPU.ActiveCfg = Debug|Any CPU
		{BD1C7FB9-DAB6-4548-BFFA-22233EB6D8E9}.Debug|Any CPU.Build.0 = Debug|Any CPU
		{BD1C7FB9-DAB6-4548-BFFA-22233EB6D8E9}.Release|Any CPU.ActiveCfg = Release|Any CPU
		{BD1C7FB9-DAB6-4548-BFFA-22233EB6D8E9}.Release|Any CPU.Build.0 = Release|Any CPU
	EndGlobalSection
EndGlobal
